
Microsoft Visual Studio Solution File, Format Version 12.00
# Visual Studio Version 17
VisualStudioVersion = 17.9.34622.214
MinimumVisualStudioVersion = 10.0.40219.1
Project("{FAE04EC0-301F-11D3-BF4B-00C04F79EFBC}") = "FinancialAccounting", "FinancialAccounting\FinancialAccounting.csproj", "{CF614F35-E1FA-438E-9E42-524BE796163F}"
EndProject
Project("{FAE04EC0-301F-11D3-BF4B-00C04F79EFBC}") = "Tests", "Tests\Tests.csproj", "{7F48F8EE-10FC-457E-A81C-D4F8AD403B8D}"
EndProject
Global
	GlobalSection(SolutionConfigurationPlatforms) = preSolution
		Debug|Any CPU = Debug|Any CPU
		Release|Any CPU = Release|Any CPU
	EndGlobalSection
	GlobalSection(ProjectConfigurationPlatforms) = postSolution
		{CF614F35-E1FA-438E-9E42-524BE796163F}.Debug|Any CPU.ActiveCfg = Debug|Any CPU
		{CF614F35-E1FA-438E-9E42-524BE796163F}.Debug|Any CPU.Build.0 = Debug|Any CPU
		{CF614F35-E1FA-438E-9E42-524BE796163F}.Release|Any CPU.ActiveCfg = Release|Any CPU
		{CF614F35-E1FA-438E-9E42-524BE796163F}.Release|Any CPU.Build.0 = Release|Any CPU
		{7F48F8EE-10FC-457E-A81C-D4F8AD403B8D}.Debug|Any CPU.ActiveCfg = Debug|Any CPU
		{7F48F8EE-10FC-457E-A81C-D4F8AD403B8D}.Debug|Any CPU.Build.0 = Debug|Any CPU
		{7F48F8EE-10FC-457E-A81C-D4F8AD403B8D}.Release|Any CPU.ActiveCfg = Release|Any CPU
		{7F48F8EE-10FC-457E-A81C-D4F8AD403B8D}.Release|Any CPU.Build.0 = Release|Any CPU
	EndGlobalSection
	GlobalSection(SolutionProperties) = preSolution
		HideSolutionNode = FALSE
	EndGlobalSection
	GlobalSection(ExtensibilityGlobals) = postSolution
		SolutionGuid = {9426F3E2-CDDD-4AEB-8708-2956319E6CA3}
	EndGlobalSection
EndGlobal
